# This file is automatically @generated by Cargo.
# It is not intended for manual editing.
version = 4

[[package]]
name = "aho-corasick"
version = "1.1.4"
source = "registry+https://github.com/rust-lang/crates.io-index"
checksum = "ddd31a130427c27518df266943a5308ed92d4b226cc639f5a8f1002816174301"
dependencies = [
 "memchr",
]

[[package]]
name = "arkit"
version = "0.1.0"
dependencies = [
 "arkit_derive",
 "arkit_router",
 "napi-derive-ohos",
 "napi-ohos",
 "ohos-arkui-binding 0.1.0",
 "ohos-arkui-sys 0.0.1",
 "ohos-hilog-binding",
 "openharmony-ability",
]

[[package]]
name = "arkit_animation"
version = "0.1.0"
dependencies = [
 "arkit",
 "ohos-hilog-binding",
]

[[package]]
name = "arkit_derive"
version = "0.1.0"
dependencies = [
 "proc-macro2",
 "quote",
 "syn",
]

[[package]]
name = "arkit_icon"
version = "0.1.0"
dependencies = [
 "arkit",
 "ohos-display-binding 0.0.1",
 "rust-embed",
]

[[package]]
name = "arkit_router"
version = "0.1.0"

[[package]]
name = "arkit_shadcn"
version = "0.1.0"
dependencies = [
 "arkit",
 "arkit_animation",
 "arkit_icon",
 "ohos-arkui-sys 0.0.1",
 "ohos-display-binding 0.0.1",
]

[[package]]
name = "bitflags"
version = "2.11.0"
source = "registry+https://github.com/rust-lang/crates.io-index"
checksum = "843867be96c8daad0d758b57df9392b6d8d271134fce549de6ce169ff98a92af"

[[package]]
name = "block-buffer"
version = "0.10.4"
source = "registry+https://github.com/rust-lang/crates.io-index"
checksum = "3078c7629b62d3f0439517fa394996acacc5cbc91c5a20d8c658e77abd503a71"
dependencies = [
 "generic-array",
]

[[package]]
name = "cfg-if"
version = "1.0.4"
source = "registry+https://github.com/rust-lang/crates.io-index"
checksum = "9330f8b2ff13f34540b44e946ef35111825727b38d33286ef986142615121801"

[[package]]
name = "convert_case"
version = "0.6.0"
source = "registry+https://github.com/rust-lang/crates.io-index"
checksum = "ec182b0ca2f35d8fc196cf3404988fd8b8c739a4d270ff118a398feb0cbec1ca"
dependencies = [
 "unicode-segmentation",
]

[[package]]
name = "convert_case"
version = "0.10.0"
source = "registry+https://github.com/rust-lang/crates.io-index"
checksum = "633458d4ef8c78b72454de2d54fd6ab2e60f9e02be22f3c6104cdc8a4e0fceb9"
dependencies = [
 "unicode-segmentation",
]

[[package]]
name = "counter"
version = "0.1.0"
dependencies = [
 "arkit",
 "arkit_animation",
 "arkit_icon",
 "arkit_shadcn",
 "napi-build-ohos",
 "napi-derive-ohos",
 "napi-ohos",
 "ohos-hilogs-sys",
]

[[package]]
name = "cpufeatures"
version = "0.2.17"
source = "registry+https://github.com/rust-lang/crates.io-index"
checksum = "59ed5838eebb26a2bb2e58f6d5b5316989ae9d08bab10e0e6d103e656d1b0280"
dependencies = [
 "libc",
]

[[package]]
name = "crypto-common"
version = "0.1.7"
source = "registry+https://github.com/rust-lang/crates.io-index"
checksum = "78c8292055d1c1df0cce5d180393dc8cce0abec0a7102adb6c7b1eef6016d60a"
dependencies = [
 "generic-array",
 "typenum",
]

[[package]]
name = "ctor"
version = "0.6.3"
source = "registry+https://github.com/rust-lang/crates.io-index"
checksum = "424e0138278faeb2b401f174ad17e715c829512d74f3d1e81eb43365c2e0590e"
dependencies = [
 "ctor-proc-macro",
 "dtor",
]

[[package]]
name = "ctor-proc-macro"
version = "0.0.7"
source = "registry+https://github.com/rust-lang/crates.io-index"
checksum = "52560adf09603e58c9a7ee1fe1dcb95a16927b17c127f0ac02d6e768a0e25bc1"

[[package]]
name = "digest"
version = "0.10.7"
source = "registry+https://github.com/rust-lang/crates.io-index"
checksum = "9ed9a281f7bc9b7576e61468ba615a66a5c8cfdff42420a70aa82701a3b1e292"
dependencies = [
 "block-buffer",
 "crypto-common",
]

[[package]]
name = "dtor"
version = "0.1.1"
source = "registry+https://github.com/rust-lang/crates.io-index"
checksum = "404d02eeb088a82cfd873006cb713fe411306c7d182c344905e101fb1167d301"
dependencies = [
 "dtor-proc-macro",
]

[[package]]
name = "dtor-proc-macro"
version = "0.0.6"
source = "registry+https://github.com/rust-lang/crates.io-index"
checksum = "f678cf4a922c215c63e0de95eb1ff08a958a81d47e485cf9da1e27bf6305cfa5"

[[package]]
name = "futures"
version = "0.3.32"
source = "registry+https://github.com/rust-lang/crates.io-index"
checksum = "8b147ee9d1f6d097cef9ce628cd2ee62288d963e16fb287bd9286455b241382d"
dependencies = [
 "futures-channel",
 "futures-core",
 "futures-executor",
 "futures-io",
 "futures-sink",
 "futures-task",
 "futures-util",
]

[[package]]
name = "futures-channel"
version = "0.3.32"
source = "registry+https://github.com/rust-lang/crates.io-index"
checksum = "07bbe89c50d7a535e539b8c17bc0b49bdb77747034daa8087407d655f3f7cc1d"
dependencies = [
 "futures-core",
 "futures-sink",
]

[[package]]
name = "futures-core"
version = "0.3.32"
source = "registry+https://github.com/rust-lang/crates.io-index"
checksum = "7e3450815272ef58cec6d564423f6e755e25379b217b0bc688e295ba24df6b1d"

[[package]]
name = "futures-executor"
version = "0.3.32"
source = "registry+https://github.com/rust-lang/crates.io-index"
checksum = "baf29c38818342a3b26b5b923639e7b1f4a61fc5e76102d4b1981c6dc7a7579d"
dependencies = [
 "futures-core",
 "futures-task",
 "futures-util",
]

[[package]]
name = "futures-io"
version = "0.3.32"
source = "registry+https://github.com/rust-lang/crates.io-index"
checksum = "cecba35d7ad927e23624b22ad55235f2239cfa44fd10428eecbeba6d6a717718"

[[package]]
name = "futures-macro"
version = "0.3.32"
source = "registry+https://github.com/rust-lang/crates.io-index"
checksum = "e835b70203e41293343137df5c0664546da5745f82ec9b84d40be8336958447b"
dependencies = [
 "proc-macro2",
 "quote",
 "syn",
]

[[package]]
name = "futures-sink"
version = "0.3.32"
source = "registry+https://github.com/rust-lang/crates.io-index"
checksum = "c39754e157331b013978ec91992bde1ac089843443c49cbc7f46150b0fad0893"

[[package]]
name = "futures-task"
version = "0.3.32"
source = "registry+https://github.com/rust-lang/crates.io-index"
checksum = "037711b3d59c33004d3856fbdc83b99d4ff37a24768fa1be9ce3538a1cde4393"

[[package]]
name = "futures-util"
version = "0.3.32"
source = "registry+https://github.com/rust-lang/crates.io-index"
checksum = "389ca41296e6190b48053de0321d02a77f32f8a5d2461dd38762c0593805c6d6"
dependencies = [
 "futures-channel",
 "futures-core",
 "futures-io",
 "futures-macro",
 "futures-sink",
 "futures-task",
 "memchr",
 "pin-project-lite",
 "slab",
]

[[package]]
name = "generic-array"
version = "0.14.7"
source = "registry+https://github.com/rust-lang/crates.io-index"
checksum = "85649ca51fd72272d7821adaf274ad91c288277713d9c18820d8499a7ff69e9a"
dependencies = [
 "typenum",
 "version_check",
]

[[package]]
name = "libc"
version = "0.2.183"
source = "registry+https://github.com/rust-lang/crates.io-index"
checksum = "b5b646652bf6661599e1da8901b3b9522896f01e736bad5f723fe7a3a27f899d"

[[package]]
name = "libloading"
version = "0.9.0"
source = "registry+https://github.com/rust-lang/crates.io-index"
checksum = "754ca22de805bb5744484a5b151a9e1a8e837d5dc232c2d7d8c2e3492edc8b60"
dependencies = [
 "cfg-if",
 "windows-link",
]

[[package]]
name = "memchr"
version = "2.8.0"
source = "registry+https://github.com/rust-lang/crates.io-index"
checksum = "f8ca58f447f06ed17d5fc4043ce1b10dd205e060fb3ce5b979b8ed8e59ff3f79"

[[package]]
name = "napi-build-ohos"
version = "1.1.6"
source = "registry+https://github.com/rust-lang/crates.io-index"
checksum = "bcd28e4f8ae2bebf45f0a051bc2396259cb7b7b27d3f4c8c5058c9ee2942d9bf"

[[package]]
name = "napi-derive-backend-ohos"
version = "1.1.6"
source = "registry+https://github.com/rust-lang/crates.io-index"
checksum = "2cea8c5fcecd200491cb05ec15c205e5b408d6ce51ccd6e80c098022b87c2eed"
dependencies = [
 "convert_case 0.10.0",
 "proc-macro2",
 "quote",
 "semver",
 "syn",
]

[[package]]
name = "napi-derive-ohos"
version = "1.1.6"
source = "registry+https://github.com/rust-lang/crates.io-index"
checksum = "c62e951b5919c4e8572e78d0e101c461ea445c777637cde66b0c273cf9f5d7f3"
dependencies = [
 "convert_case 0.10.0",
 "ctor",
 "napi-derive-backend-ohos",
 "proc-macro2",
 "quote",
 "syn",
]

[[package]]
name = "napi-ohos"
version = "1.1.6"
source = "registry+https://github.com/rust-lang/crates.io-index"
checksum = "300401a6c16e3a166bfb43d196e3bafe98362332e918377e18c8443bd7318e40"
dependencies = [
 "bitflags",
 "ctor",
 "futures",
 "napi-build-ohos",
 "napi-sys-ohos",
 "nohash-hasher",
 "rustc-hash",
]

[[package]]
name = "napi-sys-ohos"
version = "1.1.6"
source = "registry+https://github.com/rust-lang/crates.io-index"
checksum = "c26511521495f458de78601477e42455e3d5553e96163be6f8725882497aa383"
dependencies = [
 "libloading",
]

[[package]]
name = "nohash-hasher"
version = "0.2.0"
source = "registry+https://github.com/rust-lang/crates.io-index"
checksum = "2bf50223579dc7cdcfb3bfcacf7069ff68243f8c363f62ffa99cf000a6b9c451"

[[package]]
name = "ohos-accessibility-sys"
version = "0.0.1"
dependencies = [
 "ohos-arkui-input-sys",
]

[[package]]
name = "ohos-arkui-binding"
version = "0.1.0"
dependencies = [
 "bitflags",
 "napi-ohos",
 "napi-sys-ohos",
 "ohos-arkui-input-binding",
 "ohos-arkui-sys 0.0.1",
 "ohos-image-binding",
 "ohos-image-native-binding",
 "ohos-xcomponent-binding 0.2.0",
 "ohos-xcomponent-sys 0.0.2",
 "ohos_enum_macro 0.1.0",
]

[[package]]
name = "ohos-arkui-binding"
version = "0.1.0"
source = "registry+https://github.com/rust-lang/crates.io-index"
checksum = "9352f0db69271fc23fb565ad1f034c2118a9ea9c727ece344834b451fe2c2865"
dependencies = [
 "bitflags",
 "napi-ohos",
 "napi-sys-ohos",
 "ohos-arkui-sys 0.0.1 (registry+https://github.com/rust-lang/crates.io-index)",
 "ohos-xcomponent-binding 0.2.0 (registry+https://github.com/rust-lang/crates.io-index)",
 "ohos-xcomponent-sys 0.0.2 (registry+https://github.com/rust-lang/crates.io-index)",
 "ohos_enum_macro 0.0.2",
]

[[package]]
name = "ohos-arkui-input-binding"
version = "0.1.0"
dependencies = [
 "ohos-arkui-input-sys",
 "ohos_enum_macro 0.1.0",
]

[[package]]
name = "ohos-arkui-input-sys"
version = "0.1.0"

[[package]]
name = "ohos-arkui-sys"
version = "0.0.1"
dependencies = [
 "napi-sys-ohos",
 "ohos-arkui-input-sys",
 "ohos-image-native-sys",
 "ohos-native-buffer-sys",
]

[[package]]
name = "ohos-arkui-sys"
version = "0.0.1"
source = "registry+https://github.com/rust-lang/crates.io-index"
checksum = "1a19176486bbe46d33830aca4213b07bb46c745200118e57106639db4962e1c3"
dependencies = [
 "napi-sys-ohos",
]

[[package]]
name = "ohos-display-binding"
version = "0.0.1"
dependencies = [
 "ohos-display-sys 0.0.1",
 "ohos_enum_macro 0.1.0",
]

[[package]]
name = "ohos-display-binding"
version = "0.0.1"
source = "registry+https://github.com/rust-lang/crates.io-index"
checksum = "157fe09232fd0af55ed9207d30b47a5f5ff7f84a0673a3b47f65acb7bbc9b8a9"
dependencies = [
 "ohos-display-sys 0.0.1 (registry+https://github.com/rust-lang/crates.io-index)",
 "ohos_enum_macro 0.0.1",
]

[[package]]
name = "ohos-display-sys"
version = "0.0.1"

[[package]]
name = "ohos-display-sys"
version = "0.0.1"
source = "registry+https://github.com/rust-lang/crates.io-index"
checksum = "fe9e1bba4d94159d0a65f1b4e748c148d4bce7930912c424522693f1837dad77"

[[package]]
name = "ohos-hilog-binding"
version = "0.1.2"
dependencies = [
 "ohos-hilogs-sys",
]

[[package]]
name = "ohos-hilogs-sys"
version = "0.0.2"

[[package]]
name = "ohos-image-binding"
version = "0.0.1"
dependencies = [
 "napi-ohos",
 "napi-sys-ohos",
 "ohos-image-sys",
 "ohos-resource-manager-sys 0.2.0",
 "ohos_enum_macro 0.1.0",
]

[[package]]
name = "ohos-image-native-binding"
version = "0.0.1"
dependencies = [
 "libc",
 "napi-sys-ohos",
 "ohos-image-native-sys",
 "ohos-native-buffer-binding",
 "ohos-native-buffer-sys",
 "ohos-resource-manager-sys 0.2.0",
 "ohos_enum_macro 0.1.0",
]

[[package]]
name = "ohos-image-native-sys"
version = "0.0.1"
dependencies = [
 "napi-sys-ohos",
 "ohos-native-buffer-sys",
 "ohos-resource-manager-sys 0.2.0",
]

[[package]]
name = "ohos-image-sys"
version = "0.0.1"
dependencies = [
 "napi-sys-ohos",
 "ohos-resource-manager-sys 0.2.0",
]

[[package]]
name = "ohos-ime-binding"
version = "0.1.2"
source = "registry+https://github.com/rust-lang/crates.io-index"
checksum = "0b69f3e94816c243aaba0e55f230f87edc19e33c0f9397bfa56c64acb54f776a"
dependencies = [
 "ohos-input-method-sys",
 "ohos_enum_macro 0.1.0 (registry+https://github.com/rust-lang/crates.io-index)",
]

[[package]]
name = "ohos-input-method-sys"
version = "0.1.1"
source = "registry+https://github.com/rust-lang/crates.io-index"
checksum = "225be105b169f45a2bca86498988c1877568d82542c013b345d605eb915e48ae"

[[package]]
name = "ohos-native-buffer-binding"
version = "0.1.0"
dependencies = [
 "ohos-native-buffer-sys",
 "ohos-native-window-sys",
]

[[package]]
name = "ohos-native-buffer-sys"
version = "0.0.1"

[[package]]
name = "ohos-native-window-sys"
version = "0.0.1"
dependencies = [
 "ohos-native-buffer-sys",
]

[[package]]
name = "ohos-resource-manager-binding"
version = "0.2.0"
source = "registry+https://github.com/rust-lang/crates.io-index"
checksum = "33793d5fc06cf356b3d25aa6228785e62c9f2a0e913a2c285b1eb8efb7185b5e"
dependencies = [
 "napi-ohos",
 "ohos-resource-manager-sys 0.2.0 (registry+https://github.com/rust-lang/crates.io-index)",
]

[[package]]
name = "ohos-resource-manager-sys"
version = "0.2.0"
dependencies = [
 "napi-sys-ohos",
]

[[package]]
name = "ohos-resource-manager-sys"
version = "0.2.0"
source = "registry+https://github.com/rust-lang/crates.io-index"
checksum = "97398d3f86b80279f062bd872e04be851fc9e0eb1dba4dcaabef872201517ff6"
dependencies = [
 "napi-sys-ohos",
]

[[package]]
name = "ohos-xcomponent-binding"
version = "0.2.0"
dependencies = [
 "napi-derive-ohos",
 "napi-ohos",
 "napi-sys-ohos",
 "ohos-arkui-input-binding",
 "ohos-xcomponent-sys 0.0.2",
 "ohos_enum_macro 0.1.0",
 "raw-window-handle",
]

[[package]]
name = "ohos-xcomponent-binding"
version = "0.2.0"
source = "registry+https://github.com/rust-lang/crates.io-index"
checksum = "6c5a9bb0fd157dc702863fe6b5e15b91a4ffdc08b4c47d57d080adcc73c36fa8"
dependencies = [
 "napi-derive-ohos",
 "napi-ohos",
 "napi-sys-ohos",
 "ohos-xcomponent-sys 0.0.2 (registry+https://github.com/rust-lang/crates.io-index)",
 "ohos_enum_macro 0.0.2",
 "raw-window-handle",
]

[[package]]
name = "ohos-xcomponent-sys"
version = "0.0.2"
dependencies = [
 "ohos-accessibility-sys",
 "ohos-arkui-input-sys",
 "ohos-arkui-sys 0.0.1",
]

[[package]]
name = "ohos-xcomponent-sys"
version = "0.0.2"
source = "registry+https://github.com/rust-lang/crates.io-index"
checksum = "5613209329ff61bc8695871ef985d57fc59ea4d55263e2c2395d8810d063575e"
dependencies = [
 "ohos-arkui-sys 0.0.1 (registry+https://github.com/rust-lang/crates.io-index)",
]

[[package]]
name = "ohos_enum_macro"
version = "0.0.1"
source = "registry+https://github.com/rust-lang/crates.io-index"
checksum = "b0ee769776099c824423d1686e21b5fd13b464d374d60f7cc25c48c1c836ede1"
dependencies = [
 "convert_case 0.6.0",
 "proc-macro2",
 "quote",
 "regex",
 "syn",
]

[[package]]
name = "ohos_enum_macro"
version = "0.0.2"
source = "registry+https://github.com/rust-lang/crates.io-index"
checksum = "b4bacd60b52be93024c446f27645d795ab71eb2243bb4c5d87b6238a35341fbd"
dependencies = [
 "convert_case 0.6.0",
 "proc-macro2",
 "quote",
 "regex",
 "syn",
]

[[package]]
name = "ohos_enum_macro"
version = "0.1.0"
dependencies = [
 "convert_case 0.6.0",
 "proc-macro2",
 "quote",
 "regex",
 "syn",
]

[[package]]
name = "ohos_enum_macro"
version = "0.1.0"
source = "registry+https://github.com/rust-lang/crates.io-index"
checksum = "2fc1544b50988de3d636f971135e66c40479ef68e30ef09b15fb911763aab077"
dependencies = [
 "convert_case 0.6.0",
 "proc-macro2",
 "quote",
 "regex",
 "syn",
]

[[package]]
name = "openharmony-ability"
version = "0.3.0"
source = "git+https://github.com/harmony-contrib/openharmony-ability.git#595f63b33faa6e68149670ef200cde9b79b80f91"
dependencies = [
 "futures-channel",
 "napi-derive-ohos",
 "napi-ohos",
 "ohos-arkui-binding 0.1.0 (registry+https://github.com/rust-lang/crates.io-index)",
 "ohos-display-binding 0.0.1 (registry+https://github.com/rust-lang/crates.io-index)",
 "ohos-ime-binding",
 "ohos-resource-manager-binding",
 "ohos-xcomponent-binding 0.2.0 (registry+https://github.com/rust-lang/crates.io-index)",
]

[[package]]
name = "pin-project-lite"
version = "0.2.17"
source = "registry+https://github.com/rust-lang/crates.io-index"
checksum = "a89322df9ebe1c1578d689c92318e070967d1042b512afbe49518723f4e6d5cd"

[[package]]
name = "proc-macro2"
version = "1.0.106"
source = "registry+https://github.com/rust-lang/crates.io-index"
checksum = "8fd00f0bb2e90d81d1044c2b32617f68fcb9fa3bb7640c23e9c748e53fb30934"
dependencies = [
 "unicode-ident",
]

[[package]]
name = "quote"
version = "1.0.45"
source = "registry+https://github.com/rust-lang/crates.io-index"
checksum = "41f2619966050689382d2b44f664f4bc593e129785a36d6ee376ddf37259b924"
dependencies = [
 "proc-macro2",
]

[[package]]
name = "raw-window-handle"
version = "0.6.2"
source = "registry+https://github.com/rust-lang/crates.io-index"
checksum = "20675572f6f24e9e76ef639bc5552774ed45f1c30e2951e1e99c59888861c539"

[[package]]
name = "regex"
version = "1.12.3"
source = "registry+https://github.com/rust-lang/crates.io-index"
checksum = "e10754a14b9137dd7b1e3e5b0493cc9171fdd105e0ab477f51b72e7f3ac0e276"
dependencies = [
 "aho-corasick",
 "memchr",
 "regex-automata",
 "regex-syntax",
]

[[package]]
name = "regex-automata"
version = "0.4.14"
source = "registry+https://github.com/rust-lang/crates.io-index"
checksum = "6e1dd4122fc1595e8162618945476892eefca7b88c52820e74af6262213cae8f"
dependencies = [
 "aho-corasick",
 "memchr",
 "regex-syntax",
]

[[package]]
name = "regex-syntax"
version = "0.8.10"
source = "registry+https://github.com/rust-lang/crates.io-index"
checksum = "dc897dd8d9e8bd1ed8cdad82b5966c3e0ecae09fb1907d58efaa013543185d0a"

[[package]]
name = "rust-embed"
version = "8.11.0"
source = "registry+https://github.com/rust-lang/crates.io-index"
checksum = "04113cb9355a377d83f06ef1f0a45b8ab8cd7d8b1288160717d66df5c7988d27"
dependencies = [
 "rust-embed-impl",
 "rust-embed-utils",
 "walkdir",
]

[[package]]
name = "rust-embed-impl"
version = "8.11.0"
source = "registry+https://github.com/rust-lang/crates.io-index"
checksum = "da0902e4c7c8e997159ab384e6d0fc91c221375f6894346ae107f47dd0f3ccaa"
dependencies = [
 "proc-macro2",
 "quote",
 "rust-embed-utils",
 "syn",
 "walkdir",
]

[[package]]
name = "rust-embed-utils"
version = "8.11.0"
source = "registry+https://github.com/rust-lang/crates.io-index"
checksum = "5bcdef0be6fe7f6fa333b1073c949729274b05f123a0ad7efcb8efd878e5c3b1"
dependencies = [
 "sha2",
 "walkdir",
]

[[package]]
name = "rustc-hash"
version = "2.1.1"
source = "registry+https://github.com/rust-lang/crates.io-index"
checksum = "357703d41365b4b27c590e3ed91eabb1b663f07c4c084095e60cbed4362dff0d"

[[package]]
name = "same-file"
version = "1.0.6"
source = "registry+https://github.com/rust-lang/crates.io-index"
checksum = "93fc1dc3aaa9bfed95e02e6eadabb4baf7e3078b0bd1b4d7b6b0b68378900502"
dependencies = [
 "winapi-util",
]

[[package]]
name = "semver"
version = "1.0.27"
source = "registry+https://github.com/rust-lang/crates.io-index"
checksum = "d767eb0aabc880b29956c35734170f26ed551a859dbd361d140cdbeca61ab1e2"

[[package]]
name = "sha2"
version = "0.10.9"
source = "registry+https://github.com/rust-lang/crates.io-index"
checksum = "a7507d819769d01a365ab707794a4084392c824f54a7a6a7862f8c3d0892b283"
dependencies = [
 "cfg-if",
 "cpufeatures",
 "digest",
]

[[package]]
name = "slab"
version = "0.4.12"
source = "registry+https://github.com/rust-lang/crates.io-index"
checksum = "0c790de23124f9ab44544d7ac05d60440adc586479ce501c1d6d7da3cd8c9cf5"

[[package]]
name = "syn"
version = "2.0.117"
source = "registry+https://github.com/rust-lang/crates.io-index"
checksum = "e665b8803e7b1d2a727f4023456bbbbe74da67099c585258af0ad9c5013b9b99"
dependencies = [
 "proc-macro2",
 "quote",
 "unicode-ident",
]

[[package]]
name = "typenum"
version = "1.19.0"
source = "registry+https://github.com/rust-lang/crates.io-index"
checksum = "562d481066bde0658276a35467c4af00bdc6ee726305698a55b86e61d7ad82bb"

[[package]]
name = "unicode-ident"
version = "1.0.24"
source = "registry+https://github.com/rust-lang/crates.io-index"
checksum = "e6e4313cd5fcd3dad5cafa179702e2b244f760991f45397d14d4ebf38247da75"

[[package]]
name = "unicode-segmentation"
version = "1.12.0"
source = "registry+https://github.com/rust-lang/crates.io-index"
checksum = "f6ccf251212114b54433ec949fd6a7841275f9ada20dddd2f29e9ceea4501493"

[[package]]
name = "version_check"
version = "0.9.5"
source = "registry+https://github.com/rust-lang/crates.io-index"
checksum = "0b928f33d975fc6ad9f86c8f283853ad26bdd5b10b7f1542aa2fa15e2289105a"

[[package]]
name = "walkdir"
version = "2.5.0"
source = "registry+https://github.com/rust-lang/crates.io-index"
checksum = "29790946404f91d9c5d06f9874efddea1dc06c5efe94541a7d6863108e3a5e4b"
dependencies = [
 "same-file",
 "winapi-util",
]

[[package]]
name = "winapi-util"
version = "0.1.11"
source = "registry+https://github.com/rust-lang/crates.io-index"
checksum = "c2a7b1c03c876122aa43f3020e6c3c3ee5c05081c9a00739faf7503aeba10d22"
dependencies = [
 "windows-sys",
]

[[package]]
name = "windows-link"
version = "0.2.1"
source = "registry+https://github.com/rust-lang/crates.io-index"
checksum = "f0805222e57f7521d6a62e36fa9163bc891acd422f971defe97d64e70d0a4fe5"

[[package]]
name = "windows-sys"
version = "0.61.2"
source = "registry+https://github.com/rust-lang/crates.io-index"
checksum = "ae137229bcbd6cdf0f7b80a31df61766145077ddf49416a728b02cb3921ff3fc"
dependencies = [
 "windows-link",
]
